
Microsoft Visual Studio Solution File, Format Version 12.00
# Visual Studio Version 16
VisualStudioVersion = 16.0.30128.36
MinimumVisualStudioVersion = 10.0.40219.1
Project("{9A19103F-16F7-4668-BE54-9A1E7A4F7556}") = "GoLive.Saturn.Data.EntitySerializers", "GoLive.Saturn.Data.EntitySerializers\GoLive.Saturn.Data.EntitySerializers.csproj", "{A7551BF7-0850-4D75-A5F9-5F83A68BCB31}"
EndProject
Project("{9A19103F-16F7-4668-BE54-9A1E7A4F7556}") = "GoLive.Saturn.Data.EntitySerializers.Newtonsoft", "GoLive.Saturn.Data.EntitySerializers.Newtonsoft\GoLive.Saturn.Data.EntitySerializers.Newtonsoft.csproj", "{83ADB238-3B27-490D-8563-107780463AD7}"
EndProject
Project("{FAE04EC0-301F-11D3-BF4B-00C04F79EFBC}") = "GoLive.Saturn.Data.EntitySerializers.Json", "GoLive.Saturn.Data.EntitySerializers.Json\GoLive.Saturn.Data.EntitySerializers.Json.csproj", "{6A058ED2-6C01-4F79-8C71-6B226807A195}"
EndProject
Global
	GlobalSection(SolutionConfigurationPlatforms) = preSolution
		Debug|Any CPU = Debug|Any CPU
		Release|Any CPU = Release|Any CPU
	EndGlobalSection
	GlobalSection(ProjectConfigurationPlatforms) = postSolution
		{A7551BF7-0850-4D75-A5F9-5F83A68BCB31}.Debug|Any CPU.ActiveCfg = Debug|Any CPU
		{A7551BF7-0850-4D75-A5F9-5F83A68BCB31}.Debug|Any CPU.Build.0 = Debug|Any CPU
		{A7551BF7-0850-4D75-A5F9-5F83A68BCB31}.Release|Any CPU.ActiveCfg = Release|Any CPU
		{A7551BF7-0850-4D75-A5F9-5F83A68BCB31}.Release|Any CPU.Build.0 = Release|Any CPU
		{83ADB238-3B27-490D-8563-107780463AD7}.Debug|Any CPU.ActiveCfg = Debug|Any CPU
		{83ADB238-3B27-490D-8563-107780463AD7}.Debug|Any CPU.Build.0 = Debug|Any CPU
		{83ADB238-3B27-490D-8563-107780463AD7}.Release|Any CPU.ActiveCfg = Release|Any CPU
		{83ADB238-3B27-490D-8563-107780463AD7}.Release|Any CPU.Build.0 = Release|Any CPU
		{6A058ED2-6C01-4F79-8C71-6B226807A195}.Debug|Any CPU.ActiveCfg = Debug|Any CPU
		{6A058ED2-6C01-4F79-8C71-6B226807A195}.Debug|Any CPU.Build.0 = Debug|Any CPU
		{6A058ED2-6C01-4F79-8C71-6B226807A195}.Release|Any CPU.ActiveCfg = Release|Any CPU
		{6A058ED2-6C01-4F79-8C71-6B226807A195}.Release|Any CPU.Build.0 = Release|Any CPU
	EndGlobalSection
	GlobalSection(SolutionProperties) = preSolution
		HideSolutionNode = FALSE
	EndGlobalSection
	GlobalSection(ExtensibilityGlobals) = postSolution
		SolutionGuid = {6AC2337F-A320-41DC-B2BA-852569BD83D0}
	EndGlobalSection
EndGlobal
